// !$*UTF8*$!
{
	archiveVersion = 1;
	classes = {
	};
	objectVersion = 56;
	objects = {

/* Begin PBXBuildFile section */
		49226E7A2C04909900152746 /* Date+Ext.swift in Sources */ = {isa = PBXBuildFile; fileRef = 49226E792C04909900152746 /* Date+Ext.swift */; };
		49226E7C2C04930000152746 /* String+Ext.swift in Sources */ = {isa = PBXBuildFile; fileRef = 49226E7B2C04930000152746 /* String+Ext.swift */; };
		49226E7E2C05DCFD00152746 /* PersistenceManger.swift in Sources */ = {isa = PBXBuildFile; fileRef = 49226E7D2C05DCFD00152746 /* PersistenceManger.swift */; };
		49226E802C0A26E600152746 /* FavoriteCell.swift in Sources */ = {isa = PBXBuildFile; fileRef = 49226E7F2C0A26E600152746 /* FavoriteCell.swift */; };
		492B4FB62C047908001FF6A8 /* GFItemInfoVC.swift in Sources */ = {isa = PBXBuildFile; fileRef = 492B4FB52C047908001FF6A8 /* GFItemInfoVC.swift */; };
		492B4FB82C047DD1001FF6A8 /* GFRepoItemVC.swift in Sources */ = {isa = PBXBuildFile; fileRef = 492B4FB72C047DD1001FF6A8 /* GFRepoItemVC.swift */; };
		492B4FBA2C048263001FF6A8 /* GFFollowerItemVC.swift in Sources */ = {isa = PBXBuildFile; fileRef = 492B4FB92C048263001FF6A8 /* GFFollowerItemVC.swift */; };
		49B63B722BF7497D0071458A /* AppDelegate.swift in Sources */ = {isa = PBXBuildFile; fileRef = 49B63B712BF7497D0071458A /* AppDelegate.swift */; };
		49B63B742BF7497D0071458A /* SceneDelegate.swift in Sources */ = {isa = PBXBuildFile; fileRef = 49B63B732BF7497D0071458A /* SceneDelegate.swift */; };
		49B63B7E2BF7497E0071458A /* LaunchScreen.storyboard in Resources */ = {isa = PBXBuildFile; fileRef = 49B63B7C2BF7497E0071458A /* LaunchScreen.storyboard */; };
		49B63B882BF772570071458A /* SearchVC.swift in Sources */ = {isa = PBXBuildFile; fileRef = 49B63B872BF772570071458A /* SearchVC.swift */; };
		49B63B8A2BF7729B0071458A /* FavoritesVC.swift in Sources */ = {isa = PBXBuildFile; fileRef = 49B63B892BF7729B0071458A /* FavoritesVC.swift */; };
		49B63B8C2BF77A440071458A /* GFButton.swift in Sources */ = {isa = PBXBuildFile; fileRef = 49B63B8B2BF77A440071458A /* GFButton.swift */; };
		49B63B8E2BF77DBF0071458A /* GFTextField.swift in Sources */ = {isa = PBXBuildFile; fileRef = 49B63B8D2BF77DBF0071458A /* GFTextField.swift */; };
		49B63B902BF7B4590071458A /* FollowersListVC.swift in Sources */ = {isa = PBXBuildFile; fileRef = 49B63B8F2BF7B4590071458A /* FollowersListVC.swift */; };
		49B63B922BF7E1280071458A /* GFTitleLabel.swift in Sources */ = {isa = PBXBuildFile; fileRef = 49B63B912BF7E1280071458A /* GFTitleLabel.swift */; };
		49B63B942BF7E3160071458A /* GFBodyLabel.swift in Sources */ = {isa = PBXBuildFile; fileRef = 49B63B932BF7E3160071458A /* GFBodyLabel.swift */; };
		49B63B962BF7E5EC0071458A /* GFAlertVC.swift in Sources */ = {isa = PBXBuildFile; fileRef = 49B63B952BF7E5EC0071458A /* GFAlertVC.swift */; };
		49B63B982BF7F2E00071458A /* UIViewController+Ext.swift in Sources */ = {isa = PBXBuildFile; fileRef = 49B63B972BF7F2E00071458A /* UIViewController+Ext.swift */; };
		49B63B9D2BF8C38A0071458A /* Assets.xcassets in Resources */ = {isa = PBXBuildFile; fileRef = 49B63B9C2BF8C38A0071458A /* Assets.xcassets */; };
		49B63BA32BF8CA300071458A /* User.swift in Sources */ = {isa = PBXBuildFile; fileRef = 49B63BA22BF8CA300071458A /* User.swift */; };
		49B63BA52BF8CA390071458A /* Follower.swift in Sources */ = {isa = PBXBuildFile; fileRef = 49B63BA42BF8CA390071458A /* Follower.swift */; };
		49B63BA72BF8D1550071458A /* NetworkManager.swift in Sources */ = {isa = PBXBuildFile; fileRef = 49B63BA62BF8D1550071458A /* NetworkManager.swift */; };
		49B63BAA2BF9BFDE0071458A /* GFError.swift in Sources */ = {isa = PBXBuildFile; fileRef = 49B63BA92BF9BFDE0071458A /* GFError.swift */; };
		49B63BAE2BF9D40F0071458A /* FollowerCell.swift in Sources */ = {isa = PBXBuildFile; fileRef = 49B63BAD2BF9D40F0071458A /* FollowerCell.swift */; };
		49B63BB02BF9D4AA0071458A /* GFAvatarImageView.swift in Sources */ = {isa = PBXBuildFile; fileRef = 49B63BAF2BF9D4AA0071458A /* GFAvatarImageView.swift */; };
		49B63BB22BFA1AA50071458A /* UICollectionViewFlowLayout+Ext.swift in Sources */ = {isa = PBXBuildFile; fileRef = 49B63BB12BFA1AA50071458A /* UICollectionViewFlowLayout+Ext.swift */; };
		49CB5A8D2C00775C002BD856 /* GFEmptyStateView.swift in Sources */ = {isa = PBXBuildFile; fileRef = 49CB5A8C2C00775C002BD856 /* GFEmptyStateView.swift */; };
		49CB5A8F2C00C368002BD856 /* UserInfoVC.swift in Sources */ = {isa = PBXBuildFile; fileRef = 49CB5A8E2C00C368002BD856 /* UserInfoVC.swift */; };
		49CB5A912C021D44002BD856 /* GFUserInfoHeaderVC.swift in Sources */ = {isa = PBXBuildFile; fileRef = 49CB5A902C021D44002BD856 /* GFUserInfoHeaderVC.swift */; };
		49CB5A932C021F3C002BD856 /* GFSecondaryTitleLabel.swift in Sources */ = {isa = PBXBuildFile; fileRef = 49CB5A922C021F3C002BD856 /* GFSecondaryTitleLabel.swift */; };
		49CB5A952C0304F5002BD856 /* GFItemInfoView.swift in Sources */ = {isa = PBXBuildFile; fileRef = 49CB5A942C0304F5002BD856 /* GFItemInfoView.swift */; };
		49CB5A972C031A31002BD856 /* Constants.swift in Sources */ = {isa = PBXBuildFile; fileRef = 49CB5A962C031A31002BD856 /* Constants.swift */; };
/* End PBXBuildFile section */

/* Begin PBXFileReference section */
		49226E792C04909900152746 /* Date+Ext.swift */ = {isa = PBXFileReference; lastKnownFileType = sourcecode.swift; path = "Date+Ext.swift"; sourceTree = "<group>"; };
		49226E7B2C04930000152746 /* String+Ext.swift */ = {isa = PBXFileReference; lastKnownFileType = sourcecode.swift; path = "String+Ext.swift"; sourceTree = "<group>"; };
		49226E7D2C05DCFD00152746 /* PersistenceManger.swift */ = {isa = PBXFileReference; lastKnownFileType = sourcecode.swift; path = PersistenceManger.swift; sourceTree = "<group>"; };
		49226E7F2C0A26E600152746 /* FavoriteCell.swift */ = {isa = PBXFileReference; lastKnownFileType = sourcecode.swift; path = FavoriteCell.swift; sourceTree = "<group>"; };
		492B4FB52C047908001FF6A8 /* GFItemInfoVC.swift */ = {isa = PBXFileReference; lastKnownFileType = sourcecode.swift; path = GFItemInfoVC.swift; sourceTree = "<group>"; };
		492B4FB72C047DD1001FF6A8 /* GFRepoItemVC.swift */ = {isa = PBXFileReference; lastKnownFileType = sourcecode.swift; path = GFRepoItemVC.swift; sourceTree = "<group>"; };
		492B4FB92C048263001FF6A8 /* GFFollowerItemVC.swift */ = {isa = PBXFileReference; lastKnownFileType = sourcecode.swift; path = GFFollowerItemVC.swift; sourceTree = "<group>"; };
		49B63B6E2BF7497D0071458A /* GHFollowers.app */ = {isa = PBXFileReference; explicitFileType = wrapper.application; includeInIndex = 0; path = GHFollowers.app; sourceTree = BUILT_PRODUCTS_DIR; };
		49B63B712BF7497D0071458A /* AppDelegate.swift */ = {isa = PBXFileReference; lastKnownFileType = sourcecode.swift; path = AppDelegate.swift; sourceTree = "<group>"; };
		49B63B732BF7497D0071458A /* SceneDelegate.swift */ = {isa = PBXFileReference; lastKnownFileType = sourcecode.swift; path = SceneDelegate.swift; sourceTree = "<group>"; };
		49B63B7D2BF7497E0071458A /* Base */ = {isa = PBXFileReference; lastKnownFileType = file.storyboard; name = Base; path = Base.lproj/LaunchScreen.storyboard; sourceTree = "<group>"; };
		49B63B7F2BF7497E0071458A /* Info.plist */ = {isa = PBXFileReference; lastKnownFileType = text.plist.xml; path = Info.plist; sourceTree = "<group>"; };
		49B63B872BF772570071458A /* SearchVC.swift */ = {isa = PBXFileReference; lastKnownFileType = sourcecode.swift; path = SearchVC.swift; sourceTree = "<group>"; };
		49B63B892BF7729B0071458A /* FavoritesVC.swift */ = {isa = PBXFileReference; lastKnownFileType = sourcecode.swift; path = FavoritesVC.swift; sourceTree = "<group>"; };
		49B63B8B2BF77A440071458A /* GFButton.swift */ = {isa = PBXFileReference; lastKnownFileType = sourcecode.swift; path = GFButton.swift; sourceTree = "<group>"; };
		49B63B8D2BF77DBF0071458A /* GFTextField.swift */ = {isa = PBXFileReference; lastKnownFileType = sourcecode.swift; path = GFTextField.swift; sourceTree = "<group>"; };
		49B63B8F2BF7B4590071458A /* FollowersListVC.swift */ = {isa = PBXFileReference; lastKnownFileType = sourcecode.swift; path = FollowersListVC.swift; sourceTree = "<group>"; };
		49B63B912BF7E1280071458A /* GFTitleLabel.swift */ = {isa = PBXFileReference; lastKnownFileType = sourcecode.swift; path = GFTitleLabel.swift; sourceTree = "<group>"; };
		49B63B932BF7E3160071458A /* GFBodyLabel.swift */ = {isa = PBXFileReference; lastKnownFileType = sourcecode.swift; path = GFBodyLabel.swift; sourceTree = "<group>"; };
		49B63B952BF7E5EC0071458A /* GFAlertVC.swift */ = {isa = PBXFileReference; lastKnownFileType = sourcecode.swift; path = GFAlertVC.swift; sourceTree = "<group>"; };
		49B63B972BF7F2E00071458A /* UIViewController+Ext.swift */ = {isa = PBXFileReference; lastKnownFileType = sourcecode.swift; path = "UIViewController+Ext.swift"; sourceTree = "<group>"; };
		49B63B9C2BF8C38A0071458A /* Assets.xcassets */ = {isa = PBXFileReference; lastKnownFileType = folder.assetcatalog; path = Assets.xcassets; sourceTree = "<group>"; };
		49B63BA22BF8CA300071458A /* User.swift */ = {isa = PBXFileReference; lastKnownFileType = sourcecode.swift; path = User.swift; sourceTree = "<group>"; };
		49B63BA42BF8CA390071458A /* Follower.swift */ = {isa = PBXFileReference; lastKnownFileType = sourcecode.swift; path = Follower.swift; sourceTree = "<group>"; };
		49B63BA62BF8D1550071458A /* NetworkManager.swift */ = {isa = PBXFileReference; lastKnownFileType = sourcecode.swift; path = NetworkManager.swift; sourceTree = "<group>"; };
		49B63BA92BF9BFDE0071458A /* GFError.swift */ = {isa = PBXFileReference; lastKnownFileType = sourcecode.swift; path = GFError.swift; sourceTree = "<group>"; };
		49B63BAD2BF9D40F0071458A /* FollowerCell.swift */ = {isa = PBXFileReference; lastKnownFileType = sourcecode.swift; path = FollowerCell.swift; sourceTree = "<group>"; };
		49B63BAF2BF9D4AA0071458A /* GFAvatarImageView.swift */ = {isa = PBXFileReference; lastKnownFileType = sourcecode.swift; path = GFAvatarImageView.swift; sourceTree = "<group>"; };
		49B63BB12BFA1AA50071458A /* UICollectionViewFlowLayout+Ext.swift */ = {isa = PBXFileReference; lastKnownFileType = sourcecode.swift; path = "UICollectionViewFlowLayout+Ext.swift"; sourceTree = "<group>"; };
		49CB5A8C2C00775C002BD856 /* GFEmptyStateView.swift */ = {isa = PBXFileReference; lastKnownFileType = sourcecode.swift; path = GFEmptyStateView.swift; sourceTree = "<group>"; };
		49CB5A8E2C00C368002BD856 /* UserInfoVC.swift */ = {isa = PBXFileReference; lastKnownFileType = sourcecode.swift; path = UserInfoVC.swift; sourceTree = "<group>"; };
		49CB5A902C021D44002BD856 /* GFUserInfoHeaderVC.swift */ = {isa = PBXFileReference; lastKnownFileType = sourcecode.swift; path = GFUserInfoHeaderVC.swift; sourceTree = "<group>"; };
		49CB5A922C021F3C002BD856 /* GFSecondaryTitleLabel.swift */ = {isa = PBXFileReference; lastKnownFileType = sourcecode.swift; path = GFSecondaryTitleLabel.swift; sourceTree = "<group>"; };
		49CB5A942C0304F5002BD856 /* GFItemInfoView.swift */ = {isa = PBXFileReference; lastKnownFileType = sourcecode.swift; path = GFItemInfoView.swift; sourceTree = "<group>"; };
		49CB5A962C031A31002BD856 /* Constants.swift */ = {isa = PBXFileReference; lastKnownFileType = sourcecode.swift; path = Constants.swift; sourceTree = "<group>"; };
/* End PBXFileReference section */

/* Begin PBXFrameworksBuildPhase section */
		49B63B6B2BF7497D0071458A /* Frameworks */ = {
			isa = PBXFrameworksBuildPhase;
			buildActionMask = 2147483647;
			files = (
			);
			runOnlyForDeploymentPostprocessing = 0;
		};
/* End PBXFrameworksBuildPhase section */

/* Begin PBXGroup section */
		492B4FBB2C0488CD001FF6A8 /* ItemInfoVCs */ = {
			isa = PBXGroup;
			children = (
				492B4FB52C047908001FF6A8 /* GFItemInfoVC.swift */,
				492B4FB72C047DD1001FF6A8 /* GFRepoItemVC.swift */,
				492B4FB92C048263001FF6A8 /* GFFollowerItemVC.swift */,
			);
			path = ItemInfoVCs;
			sourceTree = "<group>";
		};
		49B63B652BF7497D0071458A = {
			isa = PBXGroup;
			children = (
				49B63B702BF7497D0071458A /* GHFollowers */,
				49B63B6F2BF7497D0071458A /* Products */,
			);
			sourceTree = "<group>";
		};
		49B63B6F2BF7497D0071458A /* Products */ = {
			isa = PBXGroup;
			children = (
				49B63B6E2BF7497D0071458A /* GHFollowers.app */,
			);
			name = Products;
			sourceTree = "<group>";
		};
		49B63B702BF7497D0071458A /* GHFollowers */ = {
			isa = PBXGroup;
			children = (
				49B63BA82BF9BFBF0071458A /* Utilities */,
				49B63BAB2BF9C3F70071458A /* Managers */,
				49B63BA12BF8CA170071458A /* Models */,
				49B63B9F2BF8C3BD0071458A /* Extensions */,
				49B63BA02BF8C3DB0071458A /* Custom View */,
				49B63B9E2BF8C3AA0071458A /* Screens */,
				49B63B992BF8C1730071458A /* Support */,
			);
			path = GHFollowers;
			sourceTree = "<group>";
		};
		49B63B992BF8C1730071458A /* Support */ = {
			isa = PBXGroup;
			children = (
				49B63B712BF7497D0071458A /* AppDelegate.swift */,
				49B63B732BF7497D0071458A /* SceneDelegate.swift */,
				49B63B7C2BF7497E0071458A /* LaunchScreen.storyboard */,
				49B63B7F2BF7497E0071458A /* Info.plist */,
				49B63B9C2BF8C38A0071458A /* Assets.xcassets */,
			);
			path = Support;
			sourceTree = "<group>";
		};
		49B63B9E2BF8C3AA0071458A /* Screens */ = {
			isa = PBXGroup;
			children = (
				49B63B872BF772570071458A /* SearchVC.swift */,
				49B63B892BF7729B0071458A /* FavoritesVC.swift */,
				49B63B8F2BF7B4590071458A /* FollowersListVC.swift */,
				49CB5A8E2C00C368002BD856 /* UserInfoVC.swift */,
			);
			path = Screens;
			sourceTree = "<group>";
		};
		49B63B9F2BF8C3BD0071458A /* Extensions */ = {
			isa = PBXGroup;
			children = (
				49B63B972BF7F2E00071458A /* UIViewController+Ext.swift */,
				49B63BB12BFA1AA50071458A /* UICollectionViewFlowLayout+Ext.swift */,
				49226E792C04909900152746 /* Date+Ext.swift */,
				49226E7B2C04930000152746 /* String+Ext.swift */,
			);
			path = Extensions;
			sourceTree = "<group>";
		};
		49B63BA02BF8C3DB0071458A /* Custom View */ = {
			isa = PBXGroup;
			children = (
				49CB5A8A2C00763D002BD856 /* Views */,
				49CB5A892C007636002BD856 /* ViewControllers */,
				49CB5A882C0075FF002BD856 /* ImageViews */,
				49CB5A872C0075F7002BD856 /* TextFields */,
				49CB5A862C0075F1002BD856 /* Labels */,
				49CB5A842C0075DA002BD856 /* Buttons */,
				49B63BAC2BF9D3EF0071458A /* Cells */,
			);
			path = "Custom View";
			sourceTree = "<group>";
		};
		49B63BA12BF8CA170071458A /* Models */ = {
			isa = PBXGroup;
			children = (
				49B63BA22BF8CA300071458A /* User.swift */,
				49B63BA42BF8CA390071458A /* Follower.swift */,
			);
			path = Models;
			sourceTree = "<group>";
		};
		49B63BA82BF9BFBF0071458A /* Utilities */ = {
			isa = PBXGroup;
			children = (
				49B63BA92BF9BFDE0071458A /* GFError.swift */,
				49CB5A962C031A31002BD856 /* Constants.swift */,
			);
			path = Utilities;
			sourceTree = "<group>";
		};
		49B63BAB2BF9C3F70071458A /* Managers */ = {
			isa = PBXGroup;
			children = (
				49B63BA62BF8D1550071458A /* NetworkManager.swift */,
				49226E7D2C05DCFD00152746 /* PersistenceManger.swift */,
			);
			path = Managers;
			sourceTree = "<group>";
		};
		49B63BAC2BF9D3EF0071458A /* Cells */ = {
			isa = PBXGroup;
			children = (
				49B63BAD2BF9D40F0071458A /* FollowerCell.swift */,
				49226E7F2C0A26E600152746 /* FavoriteCell.swift */,
			);
			path = Cells;
			sourceTree = "<group>";
		};
		49CB5A842C0075DA002BD856 /* Buttons */ = {
			isa = PBXGroup;
			children = (
				49B63B8B2BF77A440071458A /* GFButton.swift */,
			);
			path = Buttons;
			sourceTree = "<group>";
		};
		49CB5A862C0075F1002BD856 /* Labels */ = {
			isa = PBXGroup;
			children = (
				49B63B912BF7E1280071458A /* GFTitleLabel.swift */,
				49B63B932BF7E3160071458A /* GFBodyLabel.swift */,
				49CB5A922C021F3C002BD856 /* GFSecondaryTitleLabel.swift */,
			);
			path = Labels;
			sourceTree = "<group>";
		};
		49CB5A872C0075F7002BD856 /* TextFields */ = {
			isa = PBXGroup;
			children = (
				49B63B8D2BF77DBF0071458A /* GFTextField.swift */,
			);
			path = TextFields;
			sourceTree = "<group>";
		};
		49CB5A882C0075FF002BD856 /* ImageViews */ = {
			isa = PBXGroup;
			children = (
				49B63BAF2BF9D4AA0071458A /* GFAvatarImageView.swift */,
			);
			path = ImageViews;
			sourceTree = "<group>";
		};
		49CB5A892C007636002BD856 /* ViewControllers */ = {
			isa = PBXGroup;
			children = (
				492B4FBB2C0488CD001FF6A8 /* ItemInfoVCs */,
				49B63B952BF7E5EC0071458A /* GFAlertVC.swift */,
				49CB5A902C021D44002BD856 /* GFUserInfoHeaderVC.swift */,
			);
			path = ViewControllers;
			sourceTree = "<group>";
		};
		49CB5A8A2C00763D002BD856 /* Views */ = {
			isa = PBXGroup;
			children = (
				49CB5A8C2C00775C002BD856 /* GFEmptyStateView.swift */,
				49CB5A942C0304F5002BD856 /* GFItemInfoView.swift */,
			);
			path = Views;
			sourceTree = "<group>";
		};
/* End PBXGroup section */

/* Begin PBXNativeTarget section */
		49B63B6D2BF7497D0071458A /* GHFollowers */ = {
			isa = PBXNativeTarget;
			buildConfigurationList = 49B63B822BF7497E0071458A /* Build configuration list for PBXNativeTarget "GHFollowers" */;
			buildPhases = (
				49B63B6A2BF7497D0071458A /* Sources */,
				49B63B6B2BF7497D0071458A /* Frameworks */,
				49B63B6C2BF7497D0071458A /* Resources */,
			);
			buildRules = (
			);
			dependencies = (
			);
			name = GHFollowers;
			productName = GHFollowers;
			productReference = 49B63B6E2BF7497D0071458A /* GHFollowers.app */;
			productType = "com.apple.product-type.application";
		};
/* End PBXNativeTarget section */

/* Begin PBXProject section */
		49B63B662BF7497D0071458A /* Project object */ = {
			isa = PBXProject;
			attributes = {
				BuildIndependentTargetsInParallel = 1;
				LastSwiftUpdateCheck = 1510;
				LastUpgradeCheck = 1510;
				TargetAttributes = {
					49B63B6D2BF7497D0071458A = {
						CreatedOnToolsVersion = 15.1;
					};
				};
			};
			buildConfigurationList = 49B63B692BF7497D0071458A /* Build configuration list for PBXProject "GHFollowers" */;
			compatibilityVersion = "Xcode 14.0";
			developmentRegion = en;
			hasScannedForEncodings = 0;
			knownRegions = (
				en,
				Base,
			);
			mainGroup = 49B63B652BF7497D0071458A;
			productRefGroup = 49B63B6F2BF7497D0071458A /* Products */;
			projectDirPath = "";
			projectRoot = "";
			targets = (
				49B63B6D2BF7497D0071458A /* GHFollowers */,
			);
		};
/* End PBXProject section */

/* Begin PBXResourcesBuildPhase section */
		49B63B6C2BF7497D0071458A /* Resources */ = {
			isa = PBXResourcesBuildPhase;
			buildActionMask = 2147483647;
			files = (
				49B63B9D2BF8C38A0071458A /* Assets.xcassets in Resources */,
				49B63B7E2BF7497E0071458A /* LaunchScreen.storyboard in Resources */,
			);
			runOnlyForDeploymentPostprocessing = 0;
		};
/* End PBXResourcesBuildPhase section */

/* Begin PBXSourcesBuildPhase section */
		49B63B6A2BF7497D0071458A /* Sources */ = {
			isa = PBXSourcesBuildPhase;
			buildActionMask = 2147483647;
			files = (
				49CB5A932C021F3C002BD856 /* GFSecondaryTitleLabel.swift in Sources */,
				49B63B8E2BF77DBF0071458A /* GFTextField.swift in Sources */,
				49CB5A952C0304F5002BD856 /* GFItemInfoView.swift in Sources */,
				49226E7C2C04930000152746 /* String+Ext.swift in Sources */,
				49B63B902BF7B4590071458A /* FollowersListVC.swift in Sources */,
				49B63B8A2BF7729B0071458A /* FavoritesVC.swift in Sources */,
				49B63B982BF7F2E00071458A /* UIViewController+Ext.swift in Sources */,
				492B4FB62C047908001FF6A8 /* GFItemInfoVC.swift in Sources */,
				49B63B8C2BF77A440071458A /* GFButton.swift in Sources */,
				49B63BB02BF9D4AA0071458A /* GFAvatarImageView.swift in Sources */,
				49B63B962BF7E5EC0071458A /* GFAlertVC.swift in Sources */,
				49B63B942BF7E3160071458A /* GFBodyLabel.swift in Sources */,
				49B63BAE2BF9D40F0071458A /* FollowerCell.swift in Sources */,
				49B63BAA2BF9BFDE0071458A /* GFError.swift in Sources */,
				49226E802C0A26E600152746 /* FavoriteCell.swift in Sources */,
				49B63BB22BFA1AA50071458A /* UICollectionViewFlowLayout+Ext.swift in Sources */,
				49CB5A912C021D44002BD856 /* GFUserInfoHeaderVC.swift in Sources */,
				49B63BA52BF8CA390071458A /* Follower.swift in Sources */,
				49226E7E2C05DCFD00152746 /* PersistenceManger.swift in Sources */,
				49B63B922BF7E1280071458A /* GFTitleLabel.swift in Sources */,
				49B63BA32BF8CA300071458A /* User.swift in Sources */,
				49CB5A8D2C00775C002BD856 /* GFEmptyStateView.swift in Sources */,
				49226E7A2C04909900152746 /* Date+Ext.swift in Sources */,
				492B4FBA2C048263001FF6A8 /* GFFollowerItemVC.swift in Sources */,
				49B63BA72BF8D1550071458A /* NetworkManager.swift in Sources */,
				49B63B882BF772570071458A /* SearchVC.swift in Sources */,
				49B63B722BF7497D0071458A /* AppDelegate.swift in Sources */,
				49B63B742BF7497D0071458A /* SceneDelegate.swift in Sources */,
				49CB5A8F2C00C368002BD856 /* UserInfoVC.swift in Sources */,
				492B4FB82C047DD1001FF6A8 /* GFRepoItemVC.swift in Sources */,
				49CB5A972C031A31002BD856 /* Constants.swift in Sources */,
			);
			runOnlyForDeploymentPostprocessing = 0;
		};
/* End PBXSourcesBuildPhase section */

/* Begin PBXVariantGroup section */
		49B63B7C2BF7497E0071458A /* LaunchScreen.storyboard */ = {
			isa = PBXVariantGroup;
			children = (
				49B63B7D2BF7497E0071458A /* Base */,
			);
			name = LaunchScreen.storyboard;
			sourceTree = "<group>";
		};
/* End PBXVariantGroup section */

/* Begin XCBuildConfiguration section */
		49B63B802BF7497E0071458A /* Debug */ = {
			isa = XCBuildConfiguration;
			buildSettings = {
				ALWAYS_SEARCH_USER_PATHS = NO;
				ASSETCATALOG_COMPILER_GENERATE_SWIFT_ASSET_SYMBOL_EXTENSIONS = YES;
				CLANG_ANALYZER_NONNULL = YES;
				CLANG_ANALYZER_NUMBER_OBJECT_CONVERSION = YES_AGGRESSIVE;
				CLANG_CXX_LANGUAGE_STANDARD = "gnu++20";
				CLANG_ENABLE_MODULES = YES;
				CLANG_ENABLE_OBJC_ARC = YES;
				CLANG_ENABLE_OBJC_WEAK = YES;
				CLANG_WARN_BLOCK_CAPTURE_AUTORELEASING = YES;
				CLANG_WARN_BOOL_CONVERSION = YES;
				CLANG_WARN_COMMA = YES;
				CLANG_WARN_CONSTANT_CONVERSION = YES;
				CLANG_WARN_DEPRECATED_OBJC_IMPLEMENTATIONS = YES;
				CLANG_WARN_DIRECT_OBJC_ISA_USAGE = YES_ERROR;
				CLANG_WARN_DOCUMENTATION_COMMENTS = YES;
				CLANG_WARN_EMPTY_BODY = YES;
				CLANG_WARN_ENUM_CONVERSION = YES;
				CLANG_WARN_INFINITE_RECURSION = YES;
				CLANG_WARN_INT_CONVERSION = YES;
				CLANG_WARN_NON_LITERAL_NULL_CONVERSION = YES;
				CLANG_WARN_OBJC_IMPLICIT_RETAIN_SELF = YES;
				CLANG_WARN_OBJC_LITERAL_CONVERSION = YES;
				CLANG_WARN_OBJC_ROOT_CLASS = YES_ERROR;
				CLANG_WARN_QUOTED_INCLUDE_IN_FRAMEWORK_HEADER = YES;
				CLANG_WARN_RANGE_LOOP_ANALYSIS = YES;
				CLANG_WARN_STRICT_PROTOTYPES = YES;
				CLANG_WARN_SUSPICIOUS_MOVE = YES;
				CLANG_WARN_UNGUARDED_AVAILABILITY = YES_AGGRESSIVE;
				CLANG_WARN_UNREACHABLE_CODE = YES;
				CLANG_WARN__DUPLICATE_METHOD_MATCH = YES;
				COPY_PHASE_STRIP = NO;
				DEBUG_INFORMATION_FORMAT = dwarf;
				ENABLE_STRICT_OBJC_MSGSEND = YES;
				ENABLE_TESTABILITY = YES;
				ENABLE_USER_SCRIPT_SANDBOXING = YES;
				GCC_C_LANGUAGE_STANDARD = gnu17;
				GCC_DYNAMIC_NO_PIC = NO;
				GCC_NO_COMMON_BLOCKS = YES;
				GCC_OPTIMIZATION_LEVEL = 0;
				GCC_PREPROCESSOR_DEFINITIONS = (
					"DEBUG=1",
					"$(inherited)",
				);
				GCC_WARN_64_TO_32_BIT_CONVERSION = YES;
				GCC_WARN_ABOUT_RETURN_TYPE = YES_ERROR;
				GCC_WARN_UNDECLARED_SELECTOR = YES;
				GCC_WARN_UNINITIALIZED_AUTOS = YES_AGGRESSIVE;
				GCC_WARN_UNUSED_FUNCTION = YES;
				GCC_WARN_UNUSED_VARIABLE = YES;
				IPHONEOS_DEPLOYMENT_TARGET = 17.2;
				LOCALIZATION_PREFERS_STRING_CATALOGS = YES;
				MTL_ENABLE_DEBUG_INFO = INCLUDE_SOURCE;
				MTL_FAST_MATH = YES;
				ONLY_ACTIVE_ARCH = YES;
				SDKROOT = iphoneos;
				SWIFT_ACTIVE_COMPILATION_CONDITIONS = "DEBUG $(inherited)";
				SWIFT_OPTIMIZATION_LEVEL = "-Onone";
			};
			name = Debug;
		};
		49B63B812BF7497E0071458A /* Release */ = {
			isa = XCBuildConfiguration;
			buildSettings = {
				ALWAYS_SEARCH_USER_PATHS = NO;
				ASSETCATALOG_COMPILER_GENERATE_SWIFT_ASSET_SYMBOL_EXTENSIONS = YES;
				CLANG_ANALYZER_NONNULL = YES;
				CLANG_ANALYZER_NUMBER_OBJECT_CONVERSION = YES_AGGRESSIVE;
				CLANG_CXX_LANGUAGE_STANDARD = "gnu++20";
				CLANG_ENABLE_MODULES = YES;
				CLANG_ENABLE_OBJC_ARC = YES;
				CLANG_ENABLE_OBJC_WEAK = YES;
				CLANG_WARN_BLOCK_CAPTURE_AUTORELEASING = YES;
				CLANG_WARN_BOOL_CONVERSION = YES;
				CLANG_WARN_COMMA = YES;
				CLANG_WARN_CONSTANT_CONVERSION = YES;
				CLANG_WARN_DEPRECATED_OBJC_IMPLEMENTATIONS = YES;
				CLANG_WARN_DIRECT_OBJC_ISA_USAGE = YES_ERROR;
				CLANG_WARN_DOCUMENTATION_COMMENTS = YES;
				CLANG_WARN_EMPTY_BODY = YES;
				CLANG_WARN_ENUM_CONVERSION = YES;
				CLANG_WARN_INFINITE_RECURSION = YES;
				CLANG_WARN_INT_CONVERSION = YES;
				CLANG_WARN_NON_LITERAL_NULL_CONVERSION = YES;
				CLANG_WARN_OBJC_IMPLICIT_RETAIN_SELF = YES;
				CLANG_WARN_OBJC_LITERAL_CONVERSION = YES;
				CLANG_WARN_OBJC_ROOT_CLASS = YES_ERROR;
				CLANG_WARN_QUOTED_INCLUDE_IN_FRAMEWORK_HEADER = YES;
				CLANG_WARN_RANGE_LOOP_ANALYSIS = YES;
				CLANG_WARN_STRICT_PROTOTYPES = YES;
				CLANG_WARN_SUSPICIOUS_MOVE = YES;
				CLANG_WARN_UNGUARDED_AVAILABILITY = YES_AGGRESSIVE;
				CLANG_WARN_UNREACHABLE_CODE = YES;
				CLANG_WARN__DUPLICATE_METHOD_MATCH = YES;
				COPY_PHASE_STRIP = NO;
				DEBUG_INFORMATION_FORMAT = "dwarf-with-dsym";
				ENABLE_NS_ASSERTIONS = NO;
				ENABLE_STRICT_OBJC_MSGSEND = YES;
				ENABLE_USER_SCRIPT_SANDBOXING = YES;
				GCC_C_LANGUAGE_STANDARD = gnu17;
				GCC_NO_COMMON_BLOCKS = YES;
				GCC_WARN_64_TO_32_BIT_CONVERSION = YES;
				GCC_WARN_ABOUT_RETURN_TYPE = YES_ERROR;
				GCC_WARN_UNDECLARED_SELECTOR = YES;
				GCC_WARN_UNINITIALIZED_AUTOS = YES_AGGRESSIVE;
				GCC_WARN_UNUSED_FUNCTION = YES;
				GCC_WARN_UNUSED_VARIABLE = YES;
				IPHONEOS_DEPLOYMENT_TARGET = 17.2;
				LOCALIZATION_PREFERS_STRING_CATALOGS = YES;
				MTL_ENABLE_DEBUG_INFO = NO;
				MTL_FAST_MATH = YES;
				SDKROOT = iphoneos;
				SWIFT_COMPILATION_MODE = wholemodule;
				VALIDATE_PRODUCT = YES;
			};
			name = Release;
		};
		49B63B832BF7497E0071458A /* Debug */ = {
			isa = XCBuildConfiguration;
			buildSettings = {
				ASSETCATALOG_COMPILER_APPICON_NAME = AppIcon;
				ASSETCATALOG_COMPILER_GLOBAL_ACCENT_COLOR_NAME = AccentColor;
				CODE_SIGN_STYLE = Automatic;
				CURRENT_PROJECT_VERSION = 1;
				DEVELOPMENT_TEAM = HTV9CGSATH;
				GENERATE_INFOPLIST_FILE = YES;
				INFOPLIST_FILE = GHFollowers/Support/Info.plist;
				INFOPLIST_KEY_UIApplicationSupportsIndirectInputEvents = YES;
				INFOPLIST_KEY_UILaunchStoryboardName = LaunchScreen;
				INFOPLIST_KEY_UISupportedInterfaceOrientations = UIInterfaceOrientationPortrait;
				INFOPLIST_KEY_UISupportedInterfaceOrientations_iPad = "UIInterfaceOrientationLandscapeLeft UIInterfaceOrientationLandscapeRight UIInterfaceOrientationPortrait UIInterfaceOrientationPortraitUpsideDown";
				LD_RUNPATH_SEARCH_PATHS = (
					"$(inherited)",
					"@executable_path/Frameworks",
				);
				MARKETING_VERSION = 1.0;
				PRODUCT_BUNDLE_IDENTIFIER = live.rakan.GHFollowers;
				PRODUCT_NAME = "$(TARGET_NAME)";
				SUPPORTED_PLATFORMS = "iphoneos iphonesimulator";
				SUPPORTS_MACCATALYST = NO;
				SWIFT_EMIT_LOC_STRINGS = YES;
				SWIFT_VERSION = 5.0;
				TARGETED_DEVICE_FAMILY = 1;
			};
			name = Debug;
		};
		49B63B842BF7497E0071458A /* Release */ = {
			isa = XCBuildConfiguration;
			buildSettings = {
				ASSETCATALOG_COMPILER_APPICON_NAME = AppIcon;
				ASSETCATALOG_COMPILER_GLOBAL_ACCENT_COLOR_NAME = AccentColor;
				CODE_SIGN_STYLE = Automatic;
				CURRENT_PROJECT_VERSION = 1;
				DEVELOPMENT_TEAM = HTV9CGSATH;
				GENERATE_INFOPLIST_FILE = YES;
				INFOPLIST_FILE = GHFollowers/Support/Info.plist;
				INFOPLIST_KEY_UIApplicationSupportsIndirectInputEvents = YES;
				INFOPLIST_KEY_UILaunchStoryboardName = LaunchScreen;
				INFOPLIST_KEY_UISupportedInterfaceOrientations = UIInterfaceOrientationPortrait;
				INFOPLIST_KEY_UISupportedInterfaceOrientations_iPad = "UIInterfaceOrientationLandscapeLeft UIInterfaceOrientationLandscapeRight UIInterfaceOrientationPortrait UIInterfaceOrientationPortraitUpsideDown";
				LD_RUNPATH_SEARCH_PATHS = (
					"$(inherited)",
					"@executable_path/Frameworks",
				);
				MARKETING_VERSION = 1.0;
				PRODUCT_BUNDLE_IDENTIFIER = live.rakan.GHFollowers;
				PRODUCT_NAME = "$(TARGET_NAME)";
				SUPPORTED_PLATFORMS = "iphoneos iphonesimulator";
				SUPPORTS_MACCATALYST = NO;
				SWIFT_EMIT_LOC_STRINGS = YES;
				SWIFT_VERSION = 5.0;
				TARGETED_DEVICE_FAMILY = 1;
			};
			name = Release;
		};
/* End XCBuildConfiguration section */

/* Begin XCConfigurationList section */
		49B63B692BF7497D0071458A /* Build configuration list for PBXProject "GHFollowers" */ = {
			isa = XCConfigurationList;
			buildConfigurations = (
				49B63B802BF7497E0071458A /* Debug */,
				49B63B812BF7497E0071458A /* Release */,
			);
			defaultConfigurationIsVisible = 0;
			defaultConfigurationName = Release;
		};
		49B63B822BF7497E0071458A /* Build configuration list for PBXNativeTarget "GHFollowers" */ = {
			isa = XCConfigurationList;
			buildConfigurations = (
				49B63B832BF7497E0071458A /* Debug */,
				49B63B842BF7497E0071458A /* Release */,
			);
			defaultConfigurationIsVisible = 0;
			defaultConfigurationName = Release;
		};
/* End XCConfigurationList section */
	};
	rootObject = 49B63B662BF7497D0071458A /* Project object */;
}
